
Microsoft Visual Studio Solution File, Format Version 12.00
# Visual Studio Version 16
VisualStudioVersion = 16.0.29911.84
MinimumVisualStudioVersion = 10.0.40219.1
Project("{FAE04EC0-301F-11D3-BF4B-00C04F79EFBC}") = "Scenariul1", "Laboratorul5\Scenariul1.csproj", "{F9514DBC-59DF-4E59-B132-064E346CC913}"
EndProject
Project("{FAE04EC0-301F-11D3-BF4B-00C04F79EFBC}") = "Scenariul2", "Scenariul2\Scenariul2.csproj", "{2D8207F1-46EF-429C-A82A-D8207B4A39B6}"
EndProject
Project("{FAE04EC0-301F-11D3-BF4B-00C04F79EFBC}") = "Scenariul3", "Scenariul3\Scenariul3.csproj", "{ED4A5980-8ED6-4A9A-B5FD-54404BDAEB95}"
EndProject
Project("{FAE04EC0-301F-11D3-BF4B-00C04F79EFBC}") = "Scenariul4", "Scenariul4\Scenariul4.csproj", "{6031620D-9D76-453E-AECC-D63664655E9D}"
EndProject
Project("{FAE04EC0-301F-11D3-BF4B-00C04F79EFBC}") = "Scenariul5", "Scenariul5\Scenariul5.csproj", "{4656E217-9F54-44EE-935F-CB14FFB7FC68}"
EndProject
Global
	GlobalSection(SolutionConfigurationPlatforms) = preSolution
		Debug|Any CPU = Debug|Any CPU
		Release|Any CPU = Release|Any CPU
	EndGlobalSection
	GlobalSection(ProjectConfigurationPlatforms) = postSolution
		{F9514DBC-59DF-4E59-B132-064E346CC913}.Debug|Any CPU.ActiveCfg = Debug|Any CPU
		{F9514DBC-59DF-4E59-B132-064E346CC913}.Debug|Any CPU.Build.0 = Debug|Any CPU
		{F9514DBC-59DF-4E59-B132-064E346CC913}.Release|Any CPU.ActiveCfg = Release|Any CPU
		{F9514DBC-59DF-4E59-B132-064E346CC913}.Release|Any CPU.Build.0 = Release|Any CPU
		{2D8207F1-46EF-429C-A82A-D8207B4A39B6}.Debug|Any CPU.ActiveCfg = Debug|Any CPU
		{2D8207F1-46EF-429C-A82A-D8207B4A39B6}.Debug|Any CPU.Build.0 = Debug|Any CPU
		{2D8207F1-46EF-429C-A82A-D8207B4A39B6}.Release|Any CPU.ActiveCfg = Release|Any CPU
		{2D8207F1-46EF-429C-A82A-D8207B4A39B6}.Release|Any CPU.Build.0 = Release|Any CPU
		{ED4A5980-8ED6-4A9A-B5FD-54404BDAEB95}.Debug|Any CPU.ActiveCfg = Debug|Any CPU
		{ED4A5980-8ED6-4A9A-B5FD-54404BDAEB95}.Debug|Any CPU.Build.0 = Debug|Any CPU
		{ED4A5980-8ED6-4A9A-B5FD-54404BDAEB95}.Release|Any CPU.ActiveCfg = Release|Any CPU
		{ED4A5980-8ED6-4A9A-B5FD-54404BDAEB95}.Release|Any CPU.Build.0 = Release|Any CPU
		{6031620D-9D76-453E-AECC-D63664655E9D}.Debug|Any CPU.ActiveCfg = Debug|Any CPU
		{6031620D-9D76-453E-AECC-D63664655E9D}.Debug|Any CPU.Build.0 = Debug|Any CPU
		{6031620D-9D76-453E-AECC-D63664655E9D}.Release|Any CPU.ActiveCfg = Release|Any CPU
		{6031620D-9D76-453E-AECC-D63664655E9D}.Release|Any CPU.Build.0 = Release|Any CPU
		{4656E217-9F54-44EE-935F-CB14FFB7FC68}.Debug|Any CPU.ActiveCfg = Debug|Any CPU
		{4656E217-9F54-44EE-935F-CB14FFB7FC68}.Debug|Any CPU.Build.0 = Debug|Any CPU
		{4656E217-9F54-44EE-935F-CB14FFB7FC68}.Release|Any CPU.ActiveCfg = Release|Any CPU
		{4656E217-9F54-44EE-935F-CB14FFB7FC68}.Release|Any CPU.Build.0 = Release|Any CPU
	EndGlobalSection
	GlobalSection(SolutionProperties) = preSolution
		HideSolutionNode = FALSE
	EndGlobalSection
	GlobalSection(ExtensibilityGlobals) = postSolution
		SolutionGuid = {981E711C-7597-40D9-9921-C07CA960E53F}
	EndGlobalSection
EndGlobal
