
Microsoft Visual Studio Solution File, Format Version 12.00
# Visual Studio Version 16
VisualStudioVersion = 16.0.29911.84
MinimumVisualStudioVersion = 10.0.40219.1
Project("{FAE04EC0-301F-11D3-BF4B-00C04F79EFBC}") = "GrpcGreeterClient", "GrpcGreeterClient\GrpcGreeterClient.csproj", "{2FA97489-E40B-44A0-83D5-406FE4E209BE}"
EndProject
Global
	GlobalSection(SolutionConfigurationPlatforms) = preSolution
		Debug|Any CPU = Debug|Any CPU
		Release|Any CPU = Release|Any CPU
	EndGlobalSection
	GlobalSection(ProjectConfigurationPlatforms) = postSolution
		{2FA97489-E40B-44A0-83D5-406FE4E209BE}.Debug|Any CPU.ActiveCfg = Debug|Any CPU
		{2FA97489-E40B-44A0-83D5-406FE4E209BE}.Debug|Any CPU.Build.0 = Debug|Any CPU
		{2FA97489-E40B-44A0-83D5-406FE4E209BE}.Release|Any CPU.ActiveCfg = Release|Any CPU
		{2FA97489-E40B-44A0-83D5-406FE4E209BE}.Release|Any CPU.Build.0 = Release|Any CPU
	EndGlobalSection
	GlobalSection(SolutionProperties) = preSolution
		HideSolutionNode = FALSE
	EndGlobalSection
	GlobalSection(ExtensibilityGlobals) = postSolution
		SolutionGuid = {10A4F81A-43D3-4968-92C2-ED889AFF826D}
	EndGlobalSection
EndGlobal
